
Microsoft Visual Studio Solution File, Format Version 12.00
# Visual Studio Version 17
VisualStudioVersion = 17.0.31903.59
MinimumVisualStudioVersion = 10.0.40219.1
Project("{2150E333-8FDC-42A3-9474-1A3956D46DE8}") = "src", "src", "{26B9283A-8F08-4D91-9BBE-940BCB879A24}"
EndProject
Project("{FAE04EC0-301F-11D3-BF4B-00C04F79EFBC}") = "Aegis.Api", "src\Aegis.Api\Aegis.Api.csproj", "{EA67FD0E-5502-4DCD-82BA-508327D740BE}"
EndProject
Project("{FAE04EC0-301F-11D3-BF4B-00C04F79EFBC}") = "Aegis.Shared", "src\Aegis.Shared\Aegis.Shared.csproj", "{D3CEF247-FFE7-441C-BCE0-4BF1E8665F82}"
EndProject
Project("{FAE04EC0-301F-11D3-BF4B-00C04F79EFBC}") = "Aegis.Infrastructure", "src\Aegis.Infrastructure\Aegis.Infrastructure.csproj", "{FFD65E0D-96CE-4935-9EBD-DADD05F19A0D}"
EndProject
Project("{FAE04EC0-301F-11D3-BF4B-00C04F79EFBC}") = "Aegis.Modules.Identity", "src\Aegis.Modules.Identity\Aegis.Modules.Identity.csproj", "{398E1A3F-9C67-46A1-8D9D-E355675D5F2E}"
EndProject
Project("{FAE04EC0-301F-11D3-BF4B-00C04F79EFBC}") = "Aegis.Modules.Kyc", "src\Aegis.Modules.Kyc\Aegis.Modules.Kyc.csproj", "{49B75B6C-2530-4B9D-AF38-E553DE961404}"
EndProject
Project("{FAE04EC0-301F-11D3-BF4B-00C04F79EFBC}") = "Aegis.Modules.Kyb", "src\Aegis.Modules.Kyb\Aegis.Modules.Kyb.csproj", "{64C67785-73DC-43B3-A94F-839218581737}"
EndProject
Project("{FAE04EC0-301F-11D3-BF4B-00C04F79EFBC}") = "Aegis.Modules.Screening", "src\Aegis.Modules.Screening\Aegis.Modules.Screening.csproj", "{B6A6078F-4913-48A7-B0CF-D4B8C5B713AF}"
EndProject
Project("{FAE04EC0-301F-11D3-BF4B-00C04F79EFBC}") = "Aegis.Modules.Risk", "src\Aegis.Modules.Risk\Aegis.Modules.Risk.csproj", "{EB830365-BE78-4175-9965-90B30190A777}"
EndProject
Project("{FAE04EC0-301F-11D3-BF4B-00C04F79EFBC}") = "Aegis.Modules.Transactions", "src\Aegis.Modules.Transactions\Aegis.Modules.Transactions.csproj", "{6340B6BB-FDB9-4688-B827-36E201454431}"
EndProject
Project("{FAE04EC0-301F-11D3-BF4B-00C04F79EFBC}") = "Aegis.Modules.Features", "src\Aegis.Modules.Features\Aegis.Modules.Features.csproj", "{BFEE9D5D-4BB4-4533-82D1-42C192E9ABEE}"
EndProject
Project("{FAE04EC0-301F-11D3-BF4B-00C04F79EFBC}") = "Aegis.Modules.Aml", "src\Aegis.Modules.Aml\Aegis.Modules.Aml.csproj", "{4D9A6390-096C-40B4-B75A-1F5B62CB601B}"
EndProject
Project("{FAE04EC0-301F-11D3-BF4B-00C04F79EFBC}") = "Aegis.Modules.Alerts", "src\Aegis.Modules.Alerts\Aegis.Modules.Alerts.csproj", "{D410FB6F-8A3E-4060-9711-A2CF8D204BA6}"
EndProject
Project("{FAE04EC0-301F-11D3-BF4B-00C04F79EFBC}") = "Aegis.Modules.Cases", "src\Aegis.Modules.Cases\Aegis.Modules.Cases.csproj", "{DBB7A4E9-7352-49A7-95C6-24FA4CC31750}"
EndProject
Project("{FAE04EC0-301F-11D3-BF4B-00C04F79EFBC}") = "Aegis.Modules.Network", "src\Aegis.Modules.Network\Aegis.Modules.Network.csproj", "{0D04B5B5-C52E-4121-878F-44578934327B}"
EndProject
Project("{FAE04EC0-301F-11D3-BF4B-00C04F79EFBC}") = "Aegis.Modules.Reporting", "src\Aegis.Modules.Reporting\Aegis.Modules.Reporting.csproj", "{3C2EF8A9-FE91-4F7A-B7AA-99A6E528BBD2}"
EndProject
Project("{FAE04EC0-301F-11D3-BF4B-00C04F79EFBC}") = "Aegis.Modules.Audit", "src\Aegis.Modules.Audit\Aegis.Modules.Audit.csproj", "{604F84A0-534E-47D9-928B-FDEDA82DD599}"
EndProject
Project("{2150E333-8FDC-42A3-9474-1A3956D46DE8}") = "tests", "tests", "{89F4ADF3-C9A9-405B-89BD-E03B1F6851C4}"
EndProject
Project("{FAE04EC0-301F-11D3-BF4B-00C04F79EFBC}") = "Aegis.Tests.Unit", "tests\Unit\Aegis.Tests.Unit.csproj", "{81FA2B6D-DB21-4655-B68C-0668C1E63F34}"
EndProject
Project("{FAE04EC0-301F-11D3-BF4B-00C04F79EFBC}") = "Aegis.Tests.Integration", "tests\Integration\Aegis.Tests.Integration.csproj", "{8788BB3D-548A-4BD4-AD6F-CF9FB481A26B}"
EndProject
Project("{FAE04EC0-301F-11D3-BF4B-00C04F79EFBC}") = "Aegis.Tests.Architecture", "tests\Architecture\Aegis.Tests.Architecture.csproj", "{609F1864-053E-411F-BCD1-186BCB6367DF}"
EndProject
Project("{FAE04EC0-301F-11D3-BF4B-00C04F79EFBC}") = "Aegis.Tests.EndToEnd", "tests\EndToEnd\Aegis.Tests.EndToEnd.csproj", "{FB7953D3-49E1-4250-B487-C85AF745EE70}"
EndProject
Global
	GlobalSection(SolutionConfigurationPlatforms) = preSolution
		Debug|Any CPU = Debug|Any CPU
		Release|Any CPU = Release|Any CPU
	EndGlobalSection
	GlobalSection(SolutionProperties) = preSolution
		HideSolutionNode = FALSE
	EndGlobalSection
	GlobalSection(ProjectConfigurationPlatforms) = postSolution
		{EA67FD0E-5502-4DCD-82BA-508327D740BE}.Debug|Any CPU.ActiveCfg = Debug|Any CPU
		{EA67FD0E-5502-4DCD-82BA-508327D740BE}.Debug|Any CPU.Build.0 = Debug|Any CPU
		{EA67FD0E-5502-4DCD-82BA-508327D740BE}.Release|Any CPU.ActiveCfg = Release|Any CPU
		{EA67FD0E-5502-4DCD-82BA-508327D740BE}.Release|Any CPU.Build.0 = Release|Any CPU
		{D3CEF247-FFE7-441C-BCE0-4BF1E8665F82}.Debug|Any CPU.ActiveCfg = Debug|Any CPU
		{D3CEF247-FFE7-441C-BCE0-4BF1E8665F82}.Debug|Any CPU.Build.0 = Debug|Any CPU
		{D3CEF247-FFE7-441C-BCE0-4BF1E8665F82}.Release|Any CPU.ActiveCfg = Release|Any CPU
		{D3CEF247-FFE7-441C-BCE0-4BF1E8665F82}.Release|Any CPU.Build.0 = Release|Any CPU
		{FFD65E0D-96CE-4935-9EBD-DADD05F19A0D}.Debug|Any CPU.ActiveCfg = Debug|Any CPU
		{FFD65E0D-96CE-4935-9EBD-DADD05F19A0D}.Debug|Any CPU.Build.0 = Debug|Any CPU
		{FFD65E0D-96CE-4935-9EBD-DADD05F19A0D}.Release|Any CPU.ActiveCfg = Release|Any CPU
		{FFD65E0D-96CE-4935-9EBD-DADD05F19A0D}.Release|Any CPU.Build.0 = Release|Any CPU
		{398E1A3F-9C67-46A1-8D9D-E355675D5F2E}.Debug|Any CPU.ActiveCfg = Debug|Any CPU
		{398E1A3F-9C67-46A1-8D9D-E355675D5F2E}.Debug|Any CPU.Build.0 = Debug|Any CPU
		{398E1A3F-9C67-46A1-8D9D-E355675D5F2E}.Release|Any CPU.ActiveCfg = Release|Any CPU
		{398E1A3F-9C67-46A1-8D9D-E355675D5F2E}.Release|Any CPU.Build.0 = Release|Any CPU
		{49B75B6C-2530-4B9D-AF38-E553DE961404}.Debug|Any CPU.ActiveCfg = Debug|Any CPU
		{49B75B6C-2530-4B9D-AF38-E553DE961404}.Debug|Any CPU.Build.0 = Debug|Any CPU
		{49B75B6C-2530-4B9D-AF38-E553DE961404}.Release|Any CPU.ActiveCfg = Release|Any CPU
		{49B75B6C-2530-4B9D-AF38-E553DE961404}.Release|Any CPU.Build.0 = Release|Any CPU
		{64C67785-73DC-43B3-A94F-839218581737}.Debug|Any CPU.ActiveCfg = Debug|Any CPU
		{64C67785-73DC-43B3-A94F-839218581737}.Debug|Any CPU.Build.0 = Debug|Any CPU
		{64C67785-73DC-43B3-A94F-839218581737}.Release|Any CPU.ActiveCfg = Release|Any CPU
		{64C67785-73DC-43B3-A94F-839218581737}.Release|Any CPU.Build.0 = Release|Any CPU
		{B6A6078F-4913-48A7-B0CF-D4B8C5B713AF}.Debug|Any CPU.ActiveCfg = Debug|Any CPU
		{B6A6078F-4913-48A7-B0CF-D4B8C5B713AF}.Debug|Any CPU.Build.0 = Debug|Any CPU
		{B6A6078F-4913-48A7-B0CF-D4B8C5B713AF}.Release|Any CPU.ActiveCfg = Release|Any CPU
		{B6A6078F-4913-48A7-B0CF-D4B8C5B713AF}.Release|Any CPU.Build.0 = Release|Any CPU
		{EB830365-BE78-4175-9965-90B30190A777}.Debug|Any CPU.ActiveCfg = Debug|Any CPU
		{EB830365-BE78-4175-9965-90B30190A777}.Debug|Any CPU.Build.0 = Debug|Any CPU
		{EB830365-BE78-4175-9965-90B30190A777}.Release|Any CPU.ActiveCfg = Release|Any CPU
		{EB830365-BE78-4175-9965-90B30190A777}.Release|Any CPU.Build.0 = Release|Any CPU
		{6340B6BB-FDB9-4688-B827-36E201454431}.Debug|Any CPU.ActiveCfg = Debug|Any CPU
		{6340B6BB-FDB9-4688-B827-36E201454431}.Debug|Any CPU.Build.0 = Debug|Any CPU
		{6340B6BB-FDB9-4688-B827-36E201454431}.Release|Any CPU.ActiveCfg = Release|Any CPU
		{6340B6BB-FDB9-4688-B827-36E201454431}.Release|Any CPU.Build.0 = Release|Any CPU
		{BFEE9D5D-4BB4-4533-82D1-42C192E9ABEE}.Debug|Any CPU.ActiveCfg = Debug|Any CPU
		{BFEE9D5D-4BB4-4533-82D1-42C192E9ABEE}.Debug|Any CPU.Build.0 = Debug|Any CPU
		{BFEE9D5D-4BB4-4533-82D1-42C192E9ABEE}.Release|Any CPU.ActiveCfg = Release|Any CPU
		{BFEE9D5D-4BB4-4533-82D1-42C192E9ABEE}.Release|Any CPU.Build.0 = Release|Any CPU
		{4D9A6390-096C-40B4-B75A-1F5B62CB601B}.Debug|Any CPU.ActiveCfg = Debug|Any CPU
		{4D9A6390-096C-40B4-B75A-1F5B62CB601B}.Debug|Any CPU.Build.0 = Debug|Any CPU
		{4D9A6390-096C-40B4-B75A-1F5B62CB601B}.Release|Any CPU.ActiveCfg = Release|Any CPU
		{4D9A6390-096C-40B4-B75A-1F5B62CB601B}.Release|Any CPU.Build.0 = Release|Any CPU
		{D410FB6F-8A3E-4060-9711-A2CF8D204BA6}.Debug|Any CPU.ActiveCfg = Debug|Any CPU
		{D410FB6F-8A3E-4060-9711-A2CF8D204BA6}.Debug|Any CPU.Build.0 = Debug|Any CPU
		{D410FB6F-8A3E-4060-9711-A2CF8D204BA6}.Release|Any CPU.ActiveCfg = Release|Any CPU
		{D410FB6F-8A3E-4060-9711-A2CF8D204BA6}.Release|Any CPU.Build.0 = Release|Any CPU
		{DBB7A4E9-7352-49A7-95C6-24FA4CC31750}.Debug|Any CPU.ActiveCfg = Debug|Any CPU
		{DBB7A4E9-7352-49A7-95C6-24FA4CC31750}.Debug|Any CPU.Build.0 = Debug|Any CPU
		{DBB7A4E9-7352-49A7-95C6-24FA4CC31750}.Release|Any CPU.ActiveCfg = Release|Any CPU
		{DBB7A4E9-7352-49A7-95C6-24FA4CC31750}.Release|Any CPU.Build.0 = Release|Any CPU
		{0D04B5B5-C52E-4121-878F-44578934327B}.Debug|Any CPU.ActiveCfg = Debug|Any CPU
		{0D04B5B5-C52E-4121-878F-44578934327B}.Debug|Any CPU.Build.0 = Debug|Any CPU
		{0D04B5B5-C52E-4121-878F-44578934327B}.Release|Any CPU.ActiveCfg = Release|Any CPU
		{0D04B5B5-C52E-4121-878F-44578934327B}.Release|Any CPU.Build.0 = Release|Any CPU
		{3C2EF8A9-FE91-4F7A-B7AA-99A6E528BBD2}.Debug|Any CPU.ActiveCfg = Debug|Any CPU
		{3C2EF8A9-FE91-4F7A-B7AA-99A6E528BBD2}.Debug|Any CPU.Build.0 = Debug|Any CPU
		{3C2EF8A9-FE91-4F7A-B7AA-99A6E528BBD2}.Release|Any CPU.ActiveCfg = Release|Any CPU
		{3C2EF8A9-FE91-4F7A-B7AA-99A6E528BBD2}.Release|Any CPU.Build.0 = Release|Any CPU
		{604F84A0-534E-47D9-928B-FDEDA82DD599}.Debug|Any CPU.ActiveCfg = Debug|Any CPU
		{604F84A0-534E-47D9-928B-FDEDA82DD599}.Debug|Any CPU.Build.0 = Debug|Any CPU
		{604F84A0-534E-47D9-928B-FDEDA82DD599}.Release|Any CPU.ActiveCfg = Release|Any CPU
		{604F84A0-534E-47D9-928B-FDEDA82DD599}.Release|Any CPU.Build.0 = Release|Any CPU
		{81FA2B6D-DB21-4655-B68C-0668C1E63F34}.Debug|Any CPU.ActiveCfg = Debug|Any CPU
		{81FA2B6D-DB21-4655-B68C-0668C1E63F34}.Debug|Any CPU.Build.0 = Debug|Any CPU
		{81FA2B6D-DB21-4655-B68C-0668C1E63F34}.Release|Any CPU.ActiveCfg = Release|Any CPU
		{81FA2B6D-DB21-4655-B68C-0668C1E63F34}.Release|Any CPU.Build.0 = Release|Any CPU
		{8788BB3D-548A-4BD4-AD6F-CF9FB481A26B}.Debug|Any CPU.ActiveCfg = Debug|Any CPU
		{8788BB3D-548A-4BD4-AD6F-CF9FB481A26B}.Debug|Any CPU.Build.0 = Debug|Any CPU
		{8788BB3D-548A-4BD4-AD6F-CF9FB481A26B}.Release|Any CPU.ActiveCfg = Release|Any CPU
		{8788BB3D-548A-4BD4-AD6F-CF9FB481A26B}.Release|Any CPU.Build.0 = Release|Any CPU
		{609F1864-053E-411F-BCD1-186BCB6367DF}.Debug|Any CPU.ActiveCfg = Debug|Any CPU
		{609F1864-053E-411F-BCD1-186BCB6367DF}.Debug|Any CPU.Build.0 = Debug|Any CPU
		{609F1864-053E-411F-BCD1-186BCB6367DF}.Release|Any CPU.ActiveCfg = Release|Any CPU
		{609F1864-053E-411F-BCD1-186BCB6367DF}.Release|Any CPU.Build.0 = Release|Any CPU
		{FB7953D3-49E1-4250-B487-C85AF745EE70}.Debug|Any CPU.ActiveCfg = Debug|Any CPU
		{FB7953D3-49E1-4250-B487-C85AF745EE70}.Debug|Any CPU.Build.0 = Debug|Any CPU
		{FB7953D3-49E1-4250-B487-C85AF745EE70}.Release|Any CPU.ActiveCfg = Release|Any CPU
		{FB7953D3-49E1-4250-B487-C85AF745EE70}.Release|Any CPU.Build.0 = Release|Any CPU
	EndGlobalSection
	GlobalSection(NestedProjects) = preSolution
		{EA67FD0E-5502-4DCD-82BA-508327D740BE} = {26B9283A-8F08-4D91-9BBE-940BCB879A24}
		{D3CEF247-FFE7-441C-BCE0-4BF1E8665F82} = {26B9283A-8F08-4D91-9BBE-940BCB879A24}
		{FFD65E0D-96CE-4935-9EBD-DADD05F19A0D} = {26B9283A-8F08-4D91-9BBE-940BCB879A24}
		{398E1A3F-9C67-46A1-8D9D-E355675D5F2E} = {26B9283A-8F08-4D91-9BBE-940BCB879A24}
		{49B75B6C-2530-4B9D-AF38-E553DE961404} = {26B9283A-8F08-4D91-9BBE-940BCB879A24}
		{64C67785-73DC-43B3-A94F-839218581737} = {26B9283A-8F08-4D91-9BBE-940BCB879A24}
		{B6A6078F-4913-48A7-B0CF-D4B8C5B713AF} = {26B9283A-8F08-4D91-9BBE-940BCB879A24}
		{EB830365-BE78-4175-9965-90B30190A777} = {26B9283A-8F08-4D91-9BBE-940BCB879A24}
		{6340B6BB-FDB9-4688-B827-36E201454431} = {26B9283A-8F08-4D91-9BBE-940BCB879A24}
		{BFEE9D5D-4BB4-4533-82D1-42C192E9ABEE} = {26B9283A-8F08-4D91-9BBE-940BCB879A24}
		{4D9A6390-096C-40B4-B75A-1F5B62CB601B} = {26B9283A-8F08-4D91-9BBE-940BCB879A24}
		{D410FB6F-8A3E-4060-9711-A2CF8D204BA6} = {26B9283A-8F08-4D91-9BBE-940BCB879A24}
		{DBB7A4E9-7352-49A7-95C6-24FA4CC31750} = {26B9283A-8F08-4D91-9BBE-940BCB879A24}
		{0D04B5B5-C52E-4121-878F-44578934327B} = {26B9283A-8F08-4D91-9BBE-940BCB879A24}
		{3C2EF8A9-FE91-4F7A-B7AA-99A6E528BBD2} = {26B9283A-8F08-4D91-9BBE-940BCB879A24}
		{604F84A0-534E-47D9-928B-FDEDA82DD599} = {26B9283A-8F08-4D91-9BBE-940BCB879A24}
		{81FA2B6D-DB21-4655-B68C-0668C1E63F34} = {89F4ADF3-C9A9-405B-89BD-E03B1F6851C4}
		{8788BB3D-548A-4BD4-AD6F-CF9FB481A26B} = {89F4ADF3-C9A9-405B-89BD-E03B1F6851C4}
		{609F1864-053E-411F-BCD1-186BCB6367DF} = {89F4ADF3-C9A9-405B-89BD-E03B1F6851C4}
		{FB7953D3-49E1-4250-B487-C85AF745EE70} = {89F4ADF3-C9A9-405B-89BD-E03B1F6851C4}
	EndGlobalSection
EndGlobal
